
Microsoft Visual Studio Solution File, Format Version 12.00
# Visual Studio 2013
VisualStudioVersion = 12.0.30501.0
MinimumVisualStudioVersion = 10.0.40219.1
Project("{FAE04EC0-301F-11D3-BF4B-00C04F79EFBC}") = "Gui", "Gui\Gui.csproj", "{534CAD81-2E6C-4403-8565-9D13C005CC80}"
	ProjectSection(ProjectDependencies) = postProject
		{27AF6A0E-E08A-42F7-97C4-F98B197AF3BA} = {27AF6A0E-E08A-42F7-97C4-F98B197AF3BA}
	EndProjectSection
EndProject
Project("{930C7802-8A8C-48F9-8165-68863BCCD9DD}") = "Package", "Package\Package.wixproj", "{53D1529B-5DE1-4327-8805-0B9D848F1654}"
	ProjectSection(ProjectDependencies) = postProject
		{27AF6A0E-E08A-42F7-97C4-F98B197AF3BA} = {27AF6A0E-E08A-42F7-97C4-F98B197AF3BA}
		{534CAD81-2E6C-4403-8565-9D13C005CC80} = {534CAD81-2E6C-4403-8565-9D13C005CC80}
	EndProjectSection
EndProject
Project("{FAE04EC0-301F-11D3-BF4B-00C04F79EFBC}") = "Assembler", "Assembler\Assembler.csproj", "{C1A02676-3D58-4E90-8047-7DF638A749D5}"
	ProjectSection(ProjectDependencies) = postProject
		{27AF6A0E-E08A-42F7-97C4-F98B197AF3BA} = {27AF6A0E-E08A-42F7-97C4-F98B197AF3BA}
		{C919F079-C23A-4C29-B609-38E5AEB0C13B} = {C919F079-C23A-4C29-B609-38E5AEB0C13B}
		{534CAD81-2E6C-4403-8565-9D13C005CC80} = {534CAD81-2E6C-4403-8565-9D13C005CC80}
		{53D1529B-5DE1-4327-8805-0B9D848F1654} = {53D1529B-5DE1-4327-8805-0B9D848F1654}
	EndProjectSection
EndProject
Project("{8BC9CEB8-8B4A-11D0-8D11-00A0C91BC942}") = "IntermediateBootstrapper", "IntermediateBootstrapper\IntermediateBootstrapper.vcxproj", "{C919F079-C23A-4C29-B609-38E5AEB0C13B}"
EndProject
Project("{FAE04EC0-301F-11D3-BF4B-00C04F79EFBC}") = "Translation", "Translation\Translation.csproj", "{27AF6A0E-E08A-42F7-97C4-F98B197AF3BA}"
EndProject
Project("{2150E333-8FDC-42A3-9474-1A3956D46DE8}") = "References", "References", "{7D6173D3-D165-46BE-AEEA-501239398E5A}"
EndProject
Project("{2150E333-8FDC-42A3-9474-1A3956D46DE8}") = "AdoNet", "AdoNet", "{3690F086-34D5-490E-A4F1-B5390AC3E846}"
EndProject
Project("{2150E333-8FDC-42A3-9474-1A3956D46DE8}") = "File", "File", "{128BA6EB-034C-4225-8B95-BA7DD787C4A9}"
EndProject
Project("{2150E333-8FDC-42A3-9474-1A3956D46DE8}") = "Ftp", "Ftp", "{A1332E75-5154-495B-B4F6-3B5CFB7ED7E3}"
EndProject
Project("{2150E333-8FDC-42A3-9474-1A3956D46DE8}") = "Schedule", "Schedule", "{2F2270AA-FD62-4123-A4BB-FC710E90DC2D}"
EndProject
Project("{FAE04EC0-301F-11D3-BF4B-00C04F79EFBC}") = "Helpers", "..\Helpers\Helpers.csproj", "{6B46A1EC-FD51-4F40-B325-7401DEB3F37B}"
EndProject
Project("{FAE04EC0-301F-11D3-BF4B-00C04F79EFBC}") = "Behaviors", "..\Behaviors\Behaviors.csproj", "{0922C91A-D322-4FE0-9FF7-ABE0BA8D7803}"
EndProject
Project("{FAE04EC0-301F-11D3-BF4B-00C04F79EFBC}") = "AdoNetAdapter", "..\AdoNetAdapter\AdoNetAdapter\AdoNetAdapter.csproj", "{F49A28D2-7B38-40DD-8D25-074EDD763886}"
EndProject
Project("{FAE04EC0-301F-11D3-BF4B-00C04F79EFBC}") = "AdoNetAdapter.Messages", "..\AdoNetAdapter\AdoNetAdapter.Messages\AdoNetAdapter.Messages.csproj", "{D9D59877-B041-465A-9396-7D9AE769CB70}"
EndProject
Project("{FAE04EC0-301F-11D3-BF4B-00C04F79EFBC}") = "FileAdapter", "..\FileAdapter\FileAdapter\FileAdapter.csproj", "{2C013558-4FA7-4CEF-9A09-F894ED4C523D}"
EndProject
Project("{FAE04EC0-301F-11D3-BF4B-00C04F79EFBC}") = "FtpAdapter", "..\FtpAdapter\FtpAdapter\FtpAdapter.csproj", "{0DA8520D-D161-40AB-9BE5-22B8A9503379}"
EndProject
Project("{FAE04EC0-301F-11D3-BF4B-00C04F79EFBC}") = "ScheduleAdapter", "..\ScheduleAdapter\ScheduleAdapter\ScheduleAdapter.csproj", "{21C15FE0-AB6C-4A53-BD80-392C71E21324}"
EndProject
Project("{FAE04EC0-301F-11D3-BF4B-00C04F79EFBC}") = "ScheduleAdapter.Jobs", "..\ScheduleAdapter\ScheduleAdapter.Jobs\ScheduleAdapter.Jobs.csproj", "{FCE4EB05-3B94-4D8E-A46C-18BB8345DC79}"
EndProject
Project("{FAE04EC0-301F-11D3-BF4B-00C04F79EFBC}") = "ScheduleAdapter.Messages", "..\ScheduleAdapter\ScheduleAdapter.Messages\ScheduleAdapter.Messages.csproj", "{406D02F5-8E72-4F74-8F0B-6CB0F6BF63D4}"
EndProject
Global
	GlobalSection(SharpSetup) = preSolution
		Version = 2.0
	EndGlobalSection
	GlobalSection(SolutionConfigurationPlatforms) = preSolution
		Debug|Any CPU = Debug|Any CPU
		Debug|Mixed Platforms = Debug|Mixed Platforms
		Debug|Win32 = Debug|Win32
		Debug|x86 = Debug|x86
		Release|Any CPU = Release|Any CPU
		Release|Mixed Platforms = Release|Mixed Platforms
		Release|Win32 = Release|Win32
		Release|x86 = Release|x86
	EndGlobalSection
	GlobalSection(ProjectConfigurationPlatforms) = postSolution
		{534CAD81-2E6C-4403-8565-9D13C005CC80}.Debug|Any CPU.ActiveCfg = Debug|Any CPU
		{534CAD81-2E6C-4403-8565-9D13C005CC80}.Debug|Any CPU.Build.0 = Debug|Any CPU
		{534CAD81-2E6C-4403-8565-9D13C005CC80}.Debug|Mixed Platforms.ActiveCfg = Debug|Any CPU
		{534CAD81-2E6C-4403-8565-9D13C005CC80}.Debug|Mixed Platforms.Build.0 = Debug|Any CPU
		{534CAD81-2E6C-4403-8565-9D13C005CC80}.Debug|Win32.ActiveCfg = Debug|Any CPU
		{534CAD81-2E6C-4403-8565-9D13C005CC80}.Debug|x86.ActiveCfg = Debug|Any CPU
		{534CAD81-2E6C-4403-8565-9D13C005CC80}.Release|Any CPU.ActiveCfg = Release|Any CPU
		{534CAD81-2E6C-4403-8565-9D13C005CC80}.Release|Any CPU.Build.0 = Release|Any CPU
		{534CAD81-2E6C-4403-8565-9D13C005CC80}.Release|Mixed Platforms.ActiveCfg = Release|Any CPU
		{534CAD81-2E6C-4403-8565-9D13C005CC80}.Release|Mixed Platforms.Build.0 = Release|Any CPU
		{534CAD81-2E6C-4403-8565-9D13C005CC80}.Release|Win32.ActiveCfg = Release|Any CPU
		{534CAD81-2E6C-4403-8565-9D13C005CC80}.Release|x86.ActiveCfg = Release|Any CPU
		{53D1529B-5DE1-4327-8805-0B9D848F1654}.Debug|Any CPU.ActiveCfg = Debug|x86
		{53D1529B-5DE1-4327-8805-0B9D848F1654}.Debug|Mixed Platforms.ActiveCfg = Debug|x86
		{53D1529B-5DE1-4327-8805-0B9D848F1654}.Debug|Mixed Platforms.Build.0 = Debug|x86
		{53D1529B-5DE1-4327-8805-0B9D848F1654}.Debug|Win32.ActiveCfg = Debug|x86
		{53D1529B-5DE1-4327-8805-0B9D848F1654}.Debug|Win32.Build.0 = Debug|x86
		{53D1529B-5DE1-4327-8805-0B9D848F1654}.Debug|x86.ActiveCfg = Debug|x86
		{53D1529B-5DE1-4327-8805-0B9D848F1654}.Debug|x86.Build.0 = Debug|x86
		{53D1529B-5DE1-4327-8805-0B9D848F1654}.Release|Any CPU.ActiveCfg = Release|x86
		{53D1529B-5DE1-4327-8805-0B9D848F1654}.Release|Mixed Platforms.ActiveCfg = Release|x86
		{53D1529B-5DE1-4327-8805-0B9D848F1654}.Release|Mixed Platforms.Build.0 = Release|x86
		{53D1529B-5DE1-4327-8805-0B9D848F1654}.Release|Win32.ActiveCfg = Release|x86
		{53D1529B-5DE1-4327-8805-0B9D848F1654}.Release|Win32.Build.0 = Release|x86
		{53D1529B-5DE1-4327-8805-0B9D848F1654}.Release|x86.ActiveCfg = Release|x86
		{53D1529B-5DE1-4327-8805-0B9D848F1654}.Release|x86.Build.0 = Release|x86
		{C1A02676-3D58-4E90-8047-7DF638A749D5}.Debug|Any CPU.ActiveCfg = Debug|Any CPU
		{C1A02676-3D58-4E90-8047-7DF638A749D5}.Debug|Any CPU.Build.0 = Debug|Any CPU
		{C1A02676-3D58-4E90-8047-7DF638A749D5}.Debug|Mixed Platforms.ActiveCfg = Debug|Any CPU
		{C1A02676-3D58-4E90-8047-7DF638A749D5}.Debug|Mixed Platforms.Build.0 = Debug|Any CPU
		{C1A02676-3D58-4E90-8047-7DF638A749D5}.Debug|Win32.ActiveCfg = Debug|Any CPU
		{C1A02676-3D58-4E90-8047-7DF638A749D5}.Debug|x86.ActiveCfg = Debug|Any CPU
		{C1A02676-3D58-4E90-8047-7DF638A749D5}.Release|Any CPU.ActiveCfg = Release|Any CPU
		{C1A02676-3D58-4E90-8047-7DF638A749D5}.Release|Any CPU.Build.0 = Release|Any CPU
		{C1A02676-3D58-4E90-8047-7DF638A749D5}.Release|Mixed Platforms.ActiveCfg = Release|Any CPU
		{C1A02676-3D58-4E90-8047-7DF638A749D5}.Release|Mixed Platforms.Build.0 = Release|Any CPU
		{C1A02676-3D58-4E90-8047-7DF638A749D5}.Release|Win32.ActiveCfg = Release|Any CPU
		{C1A02676-3D58-4E90-8047-7DF638A749D5}.Release|x86.ActiveCfg = Release|Any CPU
		{C919F079-C23A-4C29-B609-38E5AEB0C13B}.Debug|Any CPU.ActiveCfg = Debug|Win32
		{C919F079-C23A-4C29-B609-38E5AEB0C13B}.Debug|Mixed Platforms.ActiveCfg = Debug|Win32
		{C919F079-C23A-4C29-B609-38E5AEB0C13B}.Debug|Mixed Platforms.Build.0 = Debug|Win32
		{C919F079-C23A-4C29-B609-38E5AEB0C13B}.Debug|Win32.ActiveCfg = Debug|Win32
		{C919F079-C23A-4C29-B609-38E5AEB0C13B}.Debug|Win32.Build.0 = Debug|Win32
		{C919F079-C23A-4C29-B609-38E5AEB0C13B}.Debug|x86.ActiveCfg = Debug|Win32
		{C919F079-C23A-4C29-B609-38E5AEB0C13B}.Debug|x86.Build.0 = Debug|Win32
		{C919F079-C23A-4C29-B609-38E5AEB0C13B}.Release|Any CPU.ActiveCfg = Release|Win32
		{C919F079-C23A-4C29-B609-38E5AEB0C13B}.Release|Mixed Platforms.ActiveCfg = Release|Win32
		{C919F079-C23A-4C29-B609-38E5AEB0C13B}.Release|Mixed Platforms.Build.0 = Release|Win32
		{C919F079-C23A-4C29-B609-38E5AEB0C13B}.Release|Win32.ActiveCfg = Release|Win32
		{C919F079-C23A-4C29-B609-38E5AEB0C13B}.Release|Win32.Build.0 = Release|Win32
		{C919F079-C23A-4C29-B609-38E5AEB0C13B}.Release|x86.ActiveCfg = Release|Win32
		{C919F079-C23A-4C29-B609-38E5AEB0C13B}.Release|x86.Build.0 = Release|Win32
		{27AF6A0E-E08A-42F7-97C4-F98B197AF3BA}.Debug|Any CPU.ActiveCfg = Debug|Any CPU
		{27AF6A0E-E08A-42F7-97C4-F98B197AF3BA}.Debug|Any CPU.Build.0 = Debug|Any CPU
		{27AF6A0E-E08A-42F7-97C4-F98B197AF3BA}.Debug|Mixed Platforms.ActiveCfg = Debug|Any CPU
		{27AF6A0E-E08A-42F7-97C4-F98B197AF3BA}.Debug|Mixed Platforms.Build.0 = Debug|Any CPU
		{27AF6A0E-E08A-42F7-97C4-F98B197AF3BA}.Debug|Win32.ActiveCfg = Debug|Any CPU
		{27AF6A0E-E08A-42F7-97C4-F98B197AF3BA}.Debug|x86.ActiveCfg = Debug|Any CPU
		{27AF6A0E-E08A-42F7-97C4-F98B197AF3BA}.Release|Any CPU.ActiveCfg = Release|Any CPU
		{27AF6A0E-E08A-42F7-97C4-F98B197AF3BA}.Release|Any CPU.Build.0 = Release|Any CPU
		{27AF6A0E-E08A-42F7-97C4-F98B197AF3BA}.Release|Mixed Platforms.ActiveCfg = Release|Any CPU
		{27AF6A0E-E08A-42F7-97C4-F98B197AF3BA}.Release|Mixed Platforms.Build.0 = Release|Any CPU
		{27AF6A0E-E08A-42F7-97C4-F98B197AF3BA}.Release|Win32.ActiveCfg = Release|Any CPU
		{27AF6A0E-E08A-42F7-97C4-F98B197AF3BA}.Release|x86.ActiveCfg = Release|Any CPU
		{6B46A1EC-FD51-4F40-B325-7401DEB3F37B}.Debug|Any CPU.ActiveCfg = Debug|Any CPU
		{6B46A1EC-FD51-4F40-B325-7401DEB3F37B}.Debug|Any CPU.Build.0 = Debug|Any CPU
		{6B46A1EC-FD51-4F40-B325-7401DEB3F37B}.Debug|Mixed Platforms.ActiveCfg = Debug|Any CPU
		{6B46A1EC-FD51-4F40-B325-7401DEB3F37B}.Debug|Mixed Platforms.Build.0 = Debug|Any CPU
		{6B46A1EC-FD51-4F40-B325-7401DEB3F37B}.Debug|Win32.ActiveCfg = Debug|Any CPU
		{6B46A1EC-FD51-4F40-B325-7401DEB3F37B}.Debug|x86.ActiveCfg = Debug|Any CPU
		{6B46A1EC-FD51-4F40-B325-7401DEB3F37B}.Release|Any CPU.ActiveCfg = Release|Any CPU
		{6B46A1EC-FD51-4F40-B325-7401DEB3F37B}.Release|Any CPU.Build.0 = Release|Any CPU
		{6B46A1EC-FD51-4F40-B325-7401DEB3F37B}.Release|Mixed Platforms.ActiveCfg = Release|Any CPU
		{6B46A1EC-FD51-4F40-B325-7401DEB3F37B}.Release|Mixed Platforms.Build.0 = Release|Any CPU
		{6B46A1EC-FD51-4F40-B325-7401DEB3F37B}.Release|Win32.ActiveCfg = Release|Any CPU
		{6B46A1EC-FD51-4F40-B325-7401DEB3F37B}.Release|x86.ActiveCfg = Release|Any CPU
		{0922C91A-D322-4FE0-9FF7-ABE0BA8D7803}.Debug|Any CPU.ActiveCfg = Debug|Any CPU
		{0922C91A-D322-4FE0-9FF7-ABE0BA8D7803}.Debug|Any CPU.Build.0 = Debug|Any CPU
		{0922C91A-D322-4FE0-9FF7-ABE0BA8D7803}.Debug|Mixed Platforms.ActiveCfg = Debug|Any CPU
		{0922C91A-D322-4FE0-9FF7-ABE0BA8D7803}.Debug|Mixed Platforms.Build.0 = Debug|Any CPU
		{0922C91A-D322-4FE0-9FF7-ABE0BA8D7803}.Debug|Win32.ActiveCfg = Debug|Any CPU
		{0922C91A-D322-4FE0-9FF7-ABE0BA8D7803}.Debug|x86.ActiveCfg = Debug|Any CPU
		{0922C91A-D322-4FE0-9FF7-ABE0BA8D7803}.Release|Any CPU.ActiveCfg = Release|Any CPU
		{0922C91A-D322-4FE0-9FF7-ABE0BA8D7803}.Release|Any CPU.Build.0 = Release|Any CPU
		{0922C91A-D322-4FE0-9FF7-ABE0BA8D7803}.Release|Mixed Platforms.ActiveCfg = Release|Any CPU
		{0922C91A-D322-4FE0-9FF7-ABE0BA8D7803}.Release|Mixed Platforms.Build.0 = Release|Any CPU
		{0922C91A-D322-4FE0-9FF7-ABE0BA8D7803}.Release|Win32.ActiveCfg = Release|Any CPU
		{0922C91A-D322-4FE0-9FF7-ABE0BA8D7803}.Release|x86.ActiveCfg = Release|Any CPU
		{F49A28D2-7B38-40DD-8D25-074EDD763886}.Debug|Any CPU.ActiveCfg = Debug|Any CPU
		{F49A28D2-7B38-40DD-8D25-074EDD763886}.Debug|Any CPU.Build.0 = Debug|Any CPU
		{F49A28D2-7B38-40DD-8D25-074EDD763886}.Debug|Mixed Platforms.ActiveCfg = Debug|Any CPU
		{F49A28D2-7B38-40DD-8D25-074EDD763886}.Debug|Mixed Platforms.Build.0 = Debug|Any CPU
		{F49A28D2-7B38-40DD-8D25-074EDD763886}.Debug|Win32.ActiveCfg = Debug|Any CPU
		{F49A28D2-7B38-40DD-8D25-074EDD763886}.Debug|x86.ActiveCfg = Debug|Any CPU
		{F49A28D2-7B38-40DD-8D25-074EDD763886}.Release|Any CPU.ActiveCfg = Release|Any CPU
		{F49A28D2-7B38-40DD-8D25-074EDD763886}.Release|Any CPU.Build.0 = Release|Any CPU
		{F49A28D2-7B38-40DD-8D25-074EDD763886}.Release|Mixed Platforms.ActiveCfg = Release|Any CPU
		{F49A28D2-7B38-40DD-8D25-074EDD763886}.Release|Mixed Platforms.Build.0 = Release|Any CPU
		{F49A28D2-7B38-40DD-8D25-074EDD763886}.Release|Win32.ActiveCfg = Release|Any CPU
		{F49A28D2-7B38-40DD-8D25-074EDD763886}.Release|x86.ActiveCfg = Release|Any CPU
		{D9D59877-B041-465A-9396-7D9AE769CB70}.Debug|Any CPU.ActiveCfg = Debug|Any CPU
		{D9D59877-B041-465A-9396-7D9AE769CB70}.Debug|Any CPU.Build.0 = Debug|Any CPU
		{D9D59877-B041-465A-9396-7D9AE769CB70}.Debug|Mixed Platforms.ActiveCfg = Debug|Any CPU
		{D9D59877-B041-465A-9396-7D9AE769CB70}.Debug|Mixed Platforms.Build.0 = Debug|Any CPU
		{D9D59877-B041-465A-9396-7D9AE769CB70}.Debug|Win32.ActiveCfg = Debug|Any CPU
		{D9D59877-B041-465A-9396-7D9AE769CB70}.Debug|x86.ActiveCfg = Debug|Any CPU
		{D9D59877-B041-465A-9396-7D9AE769CB70}.Release|Any CPU.ActiveCfg = Release|Any CPU
		{D9D59877-B041-465A-9396-7D9AE769CB70}.Release|Any CPU.Build.0 = Release|Any CPU
		{D9D59877-B041-465A-9396-7D9AE769CB70}.Release|Mixed Platforms.ActiveCfg = Release|Any CPU
		{D9D59877-B041-465A-9396-7D9AE769CB70}.Release|Mixed Platforms.Build.0 = Release|Any CPU
		{D9D59877-B041-465A-9396-7D9AE769CB70}.Release|Win32.ActiveCfg = Release|Any CPU
		{D9D59877-B041-465A-9396-7D9AE769CB70}.Release|x86.ActiveCfg = Release|Any CPU
		{2C013558-4FA7-4CEF-9A09-F894ED4C523D}.Debug|Any CPU.ActiveCfg = Debug|Any CPU
		{2C013558-4FA7-4CEF-9A09-F894ED4C523D}.Debug|Any CPU.Build.0 = Debug|Any CPU
		{2C013558-4FA7-4CEF-9A09-F894ED4C523D}.Debug|Mixed Platforms.ActiveCfg = Debug|Any CPU
		{2C013558-4FA7-4CEF-9A09-F894ED4C523D}.Debug|Mixed Platforms.Build.0 = Debug|Any CPU
		{2C013558-4FA7-4CEF-9A09-F894ED4C523D}.Debug|Win32.ActiveCfg = Debug|Any CPU
		{2C013558-4FA7-4CEF-9A09-F894ED4C523D}.Debug|x86.ActiveCfg = Debug|Any CPU
		{2C013558-4FA7-4CEF-9A09-F894ED4C523D}.Release|Any CPU.ActiveCfg = Release|Any CPU
		{2C013558-4FA7-4CEF-9A09-F894ED4C523D}.Release|Any CPU.Build.0 = Release|Any CPU
		{2C013558-4FA7-4CEF-9A09-F894ED4C523D}.Release|Mixed Platforms.ActiveCfg = Release|Any CPU
		{2C013558-4FA7-4CEF-9A09-F894ED4C523D}.Release|Mixed Platforms.Build.0 = Release|Any CPU
		{2C013558-4FA7-4CEF-9A09-F894ED4C523D}.Release|Win32.ActiveCfg = Release|Any CPU
		{2C013558-4FA7-4CEF-9A09-F894ED4C523D}.Release|x86.ActiveCfg = Release|Any CPU
		{0DA8520D-D161-40AB-9BE5-22B8A9503379}.Debug|Any CPU.ActiveCfg = Debug|Any CPU
		{0DA8520D-D161-40AB-9BE5-22B8A9503379}.Debug|Any CPU.Build.0 = Debug|Any CPU
		{0DA8520D-D161-40AB-9BE5-22B8A9503379}.Debug|Mixed Platforms.ActiveCfg = Debug|Any CPU
		{0DA8520D-D161-40AB-9BE5-22B8A9503379}.Debug|Mixed Platforms.Build.0 = Debug|Any CPU
		{0DA8520D-D161-40AB-9BE5-22B8A9503379}.Debug|Win32.ActiveCfg = Debug|Any CPU
		{0DA8520D-D161-40AB-9BE5-22B8A9503379}.Debug|x86.ActiveCfg = Debug|Any CPU
		{0DA8520D-D161-40AB-9BE5-22B8A9503379}.Release|Any CPU.ActiveCfg = Release|Any CPU
		{0DA8520D-D161-40AB-9BE5-22B8A9503379}.Release|Any CPU.Build.0 = Release|Any CPU
		{0DA8520D-D161-40AB-9BE5-22B8A9503379}.Release|Mixed Platforms.ActiveCfg = Release|Any CPU
		{0DA8520D-D161-40AB-9BE5-22B8A9503379}.Release|Mixed Platforms.Build.0 = Release|Any CPU
		{0DA8520D-D161-40AB-9BE5-22B8A9503379}.Release|Win32.ActiveCfg = Release|Any CPU
		{0DA8520D-D161-40AB-9BE5-22B8A9503379}.Release|x86.ActiveCfg = Release|Any CPU
		{21C15FE0-AB6C-4A53-BD80-392C71E21324}.Debug|Any CPU.ActiveCfg = Debug|Any CPU
		{21C15FE0-AB6C-4A53-BD80-392C71E21324}.Debug|Any CPU.Build.0 = Debug|Any CPU
		{21C15FE0-AB6C-4A53-BD80-392C71E21324}.Debug|Mixed Platforms.ActiveCfg = Debug|Any CPU
		{21C15FE0-AB6C-4A53-BD80-392C71E21324}.Debug|Mixed Platforms.Build.0 = Debug|Any CPU
		{21C15FE0-AB6C-4A53-BD80-392C71E21324}.Debug|Win32.ActiveCfg = Debug|Any CPU
		{21C15FE0-AB6C-4A53-BD80-392C71E21324}.Debug|x86.ActiveCfg = Debug|Any CPU
		{21C15FE0-AB6C-4A53-BD80-392C71E21324}.Release|Any CPU.ActiveCfg = Release|Any CPU
		{21C15FE0-AB6C-4A53-BD80-392C71E21324}.Release|Any CPU.Build.0 = Release|Any CPU
		{21C15FE0-AB6C-4A53-BD80-392C71E21324}.Release|Mixed Platforms.ActiveCfg = Release|Any CPU
		{21C15FE0-AB6C-4A53-BD80-392C71E21324}.Release|Mixed Platforms.Build.0 = Release|Any CPU
		{21C15FE0-AB6C-4A53-BD80-392C71E21324}.Release|Win32.ActiveCfg = Release|Any CPU
		{21C15FE0-AB6C-4A53-BD80-392C71E21324}.Release|x86.ActiveCfg = Release|Any CPU
		{FCE4EB05-3B94-4D8E-A46C-18BB8345DC79}.Debug|Any CPU.ActiveCfg = Debug|Any CPU
		{FCE4EB05-3B94-4D8E-A46C-18BB8345DC79}.Debug|Any CPU.Build.0 = Debug|Any CPU
		{FCE4EB05-3B94-4D8E-A46C-18BB8345DC79}.Debug|Mixed Platforms.ActiveCfg = Debug|Any CPU
		{FCE4EB05-3B94-4D8E-A46C-18BB8345DC79}.Debug|Mixed Platforms.Build.0 = Debug|Any CPU
		{FCE4EB05-3B94-4D8E-A46C-18BB8345DC79}.Debug|Win32.ActiveCfg = Debug|Any CPU
		{FCE4EB05-3B94-4D8E-A46C-18BB8345DC79}.Debug|x86.ActiveCfg = Debug|Any CPU
		{FCE4EB05-3B94-4D8E-A46C-18BB8345DC79}.Release|Any CPU.ActiveCfg = Release|Any CPU
		{FCE4EB05-3B94-4D8E-A46C-18BB8345DC79}.Release|Any CPU.Build.0 = Release|Any CPU
		{FCE4EB05-3B94-4D8E-A46C-18BB8345DC79}.Release|Mixed Platforms.ActiveCfg = Release|Any CPU
		{FCE4EB05-3B94-4D8E-A46C-18BB8345DC79}.Release|Mixed Platforms.Build.0 = Release|Any CPU
		{FCE4EB05-3B94-4D8E-A46C-18BB8345DC79}.Release|Win32.ActiveCfg = Release|Any CPU
		{FCE4EB05-3B94-4D8E-A46C-18BB8345DC79}.Release|x86.ActiveCfg = Release|Any CPU
		{406D02F5-8E72-4F74-8F0B-6CB0F6BF63D4}.Debug|Any CPU.ActiveCfg = Debug|Any CPU
		{406D02F5-8E72-4F74-8F0B-6CB0F6BF63D4}.Debug|Any CPU.Build.0 = Debug|Any CPU
		{406D02F5-8E72-4F74-8F0B-6CB0F6BF63D4}.Debug|Mixed Platforms.ActiveCfg = Debug|Any CPU
		{406D02F5-8E72-4F74-8F0B-6CB0F6BF63D4}.Debug|Mixed Platforms.Build.0 = Debug|Any CPU
		{406D02F5-8E72-4F74-8F0B-6CB0F6BF63D4}.Debug|Win32.ActiveCfg = Debug|Any CPU
		{406D02F5-8E72-4F74-8F0B-6CB0F6BF63D4}.Debug|x86.ActiveCfg = Debug|Any CPU
		{406D02F5-8E72-4F74-8F0B-6CB0F6BF63D4}.Release|Any CPU.ActiveCfg = Release|Any CPU
		{406D02F5-8E72-4F74-8F0B-6CB0F6BF63D4}.Release|Any CPU.Build.0 = Release|Any CPU
		{406D02F5-8E72-4F74-8F0B-6CB0F6BF63D4}.Release|Mixed Platforms.ActiveCfg = Release|Any CPU
		{406D02F5-8E72-4F74-8F0B-6CB0F6BF63D4}.Release|Mixed Platforms.Build.0 = Release|Any CPU
		{406D02F5-8E72-4F74-8F0B-6CB0F6BF63D4}.Release|Win32.ActiveCfg = Release|Any CPU
		{406D02F5-8E72-4F74-8F0B-6CB0F6BF63D4}.Release|x86.ActiveCfg = Release|Any CPU
	EndGlobalSection
	GlobalSection(SolutionProperties) = preSolution
		HideSolutionNode = FALSE
	EndGlobalSection
	GlobalSection(NestedProjects) = preSolution
		{3690F086-34D5-490E-A4F1-B5390AC3E846} = {7D6173D3-D165-46BE-AEEA-501239398E5A}
		{128BA6EB-034C-4225-8B95-BA7DD787C4A9} = {7D6173D3-D165-46BE-AEEA-501239398E5A}
		{A1332E75-5154-495B-B4F6-3B5CFB7ED7E3} = {7D6173D3-D165-46BE-AEEA-501239398E5A}
		{2F2270AA-FD62-4123-A4BB-FC710E90DC2D} = {7D6173D3-D165-46BE-AEEA-501239398E5A}
		{6B46A1EC-FD51-4F40-B325-7401DEB3F37B} = {7D6173D3-D165-46BE-AEEA-501239398E5A}
		{0922C91A-D322-4FE0-9FF7-ABE0BA8D7803} = {7D6173D3-D165-46BE-AEEA-501239398E5A}
		{F49A28D2-7B38-40DD-8D25-074EDD763886} = {3690F086-34D5-490E-A4F1-B5390AC3E846}
		{D9D59877-B041-465A-9396-7D9AE769CB70} = {3690F086-34D5-490E-A4F1-B5390AC3E846}
		{2C013558-4FA7-4CEF-9A09-F894ED4C523D} = {128BA6EB-034C-4225-8B95-BA7DD787C4A9}
		{0DA8520D-D161-40AB-9BE5-22B8A9503379} = {A1332E75-5154-495B-B4F6-3B5CFB7ED7E3}
		{21C15FE0-AB6C-4A53-BD80-392C71E21324} = {2F2270AA-FD62-4123-A4BB-FC710E90DC2D}
		{FCE4EB05-3B94-4D8E-A46C-18BB8345DC79} = {2F2270AA-FD62-4123-A4BB-FC710E90DC2D}
		{406D02F5-8E72-4F74-8F0B-6CB0F6BF63D4} = {2F2270AA-FD62-4123-A4BB-FC710E90DC2D}
	EndGlobalSection
EndGlobal
