
Microsoft Visual Studio Solution File, Format Version 12.00
# Visual Studio 2013
VisualStudioVersion = 12.0.30501.0
MinimumVisualStudioVersion = 10.0.40219.1
Project("{FAE04EC0-301F-11D3-BF4B-00C04F79EFBC}") = "FtpAdapter", "FtpAdapter\FtpAdapter.csproj", "{F49A28D2-7B38-40DD-8D25-074EDD763886}"
EndProject
Project("{FAE04EC0-301F-11D3-BF4B-00C04F79EFBC}") = "FtpAdapter.Tests", "FtpAdapter.Tests\FtpAdapter.Tests.csproj", "{09BF3703-067E-4565-A568-20AF8C19F857}"
EndProject
Project("{2150E333-8FDC-42A3-9474-1A3956D46DE8}") = "Adapters", "Adapters", "{FB2A4D46-9ADD-43E7-9F82-17FA46C82745}"
EndProject
Project("{FAE04EC0-301F-11D3-BF4B-00C04F79EFBC}") = "Helpers", "..\Helpers\Helpers.csproj", "{6B46A1EC-FD51-4F40-B325-7401DEB3F37B}"
EndProject
Project("{FAE04EC0-301F-11D3-BF4B-00C04F79EFBC}") = "Behaviors", "..\Behaviors\Behaviors.csproj", "{0922C91A-D322-4FE0-9FF7-ABE0BA8D7803}"
EndProject
Global
	GlobalSection(SolutionConfigurationPlatforms) = preSolution
		Debug|Any CPU = Debug|Any CPU
		Release|Any CPU = Release|Any CPU
	EndGlobalSection
	GlobalSection(ProjectConfigurationPlatforms) = postSolution
		{F49A28D2-7B38-40DD-8D25-074EDD763886}.Debug|Any CPU.ActiveCfg = Debug|Any CPU
		{F49A28D2-7B38-40DD-8D25-074EDD763886}.Debug|Any CPU.Build.0 = Debug|Any CPU
		{F49A28D2-7B38-40DD-8D25-074EDD763886}.Release|Any CPU.ActiveCfg = Release|Any CPU
		{F49A28D2-7B38-40DD-8D25-074EDD763886}.Release|Any CPU.Build.0 = Release|Any CPU
		{09BF3703-067E-4565-A568-20AF8C19F857}.Debug|Any CPU.ActiveCfg = Debug|Any CPU
		{09BF3703-067E-4565-A568-20AF8C19F857}.Debug|Any CPU.Build.0 = Debug|Any CPU
		{09BF3703-067E-4565-A568-20AF8C19F857}.Release|Any CPU.ActiveCfg = Release|Any CPU
		{09BF3703-067E-4565-A568-20AF8C19F857}.Release|Any CPU.Build.0 = Release|Any CPU
		{6B46A1EC-FD51-4F40-B325-7401DEB3F37B}.Debug|Any CPU.ActiveCfg = Debug|Any CPU
		{6B46A1EC-FD51-4F40-B325-7401DEB3F37B}.Debug|Any CPU.Build.0 = Debug|Any CPU
		{6B46A1EC-FD51-4F40-B325-7401DEB3F37B}.Release|Any CPU.ActiveCfg = Release|Any CPU
		{6B46A1EC-FD51-4F40-B325-7401DEB3F37B}.Release|Any CPU.Build.0 = Release|Any CPU
		{0922C91A-D322-4FE0-9FF7-ABE0BA8D7803}.Debug|Any CPU.ActiveCfg = Debug|Any CPU
		{0922C91A-D322-4FE0-9FF7-ABE0BA8D7803}.Debug|Any CPU.Build.0 = Debug|Any CPU
		{0922C91A-D322-4FE0-9FF7-ABE0BA8D7803}.Release|Any CPU.ActiveCfg = Release|Any CPU
		{0922C91A-D322-4FE0-9FF7-ABE0BA8D7803}.Release|Any CPU.Build.0 = Release|Any CPU
	EndGlobalSection
	GlobalSection(SolutionProperties) = preSolution
		HideSolutionNode = FALSE
	EndGlobalSection
	GlobalSection(NestedProjects) = preSolution
		{6B46A1EC-FD51-4F40-B325-7401DEB3F37B} = {FB2A4D46-9ADD-43E7-9F82-17FA46C82745}
		{0922C91A-D322-4FE0-9FF7-ABE0BA8D7803} = {FB2A4D46-9ADD-43E7-9F82-17FA46C82745}
	EndGlobalSection
EndGlobal
